// !$*UTF8*$!
{
	archiveVersion = 1;
	classes = {
	};
	objectVersion = 52;
	objects = {

/* Begin PBXBuildFile section */
		15A074A526FD7FFA00FC1444 /* FCLAuthSwift in Frameworks */ = {isa = PBXBuildFile; productRef = 15A074A426FD7FFA00FC1444 /* FCLAuthSwift */; };
		15E2F15F26DD07C900FA19BD /* ContentView.swift in Sources */ = {isa = PBXBuildFile; fileRef = 15E2F15E26DD07C900FA19BD /* ContentView.swift */; };
		15E2F16126DD07CB00FA19BD /* Assets.xcassets in Resources */ = {isa = PBXBuildFile; fileRef = 15E2F16026DD07CB00FA19BD /* Assets.xcassets */; };
		15E2F16426DD07CB00FA19BD /* Preview Assets.xcassets in Resources */ = {isa = PBXBuildFile; fileRef = 15E2F16326DD07CB00FA19BD /* Preview Assets.xcassets */; };
		15E2F17626DD133800FA19BD /* ViewModel.swift in Sources */ = {isa = PBXBuildFile; fileRef = 15E2F17526DD133800FA19BD /* ViewModel.swift */; };
		4349C8D5272D52E8001F8295 /* Shimmer in Frameworks */ = {isa = PBXBuildFile; productRef = 4349C8D4272D52E8001F8295 /* Shimmer */; };
		439EC1FE272C321D00A30C26 /* DetailView.swift in Sources */ = {isa = PBXBuildFile; fileRef = 439EC1FD272C321D00A30C26 /* DetailView.swift */; };
		67DFFADA26FE8A7000136000 /* FCLDemoApp.swift in Sources */ = {isa = PBXBuildFile; fileRef = 15E2F15C26DD07C900FA19BD /* FCLDemoApp.swift */; };
		67DFFADD26FE8B7B00136000 /* NFTAPI.swift in Sources */ = {isa = PBXBuildFile; fileRef = 67DFFADB26FE8B7B00136000 /* NFTAPI.swift */; };
		743F37802756A53E00F40D6B /* Flovatar.swift in Sources */ = {isa = PBXBuildFile; fileRef = 743F377F2756A53E00F40D6B /* Flovatar.swift */; };
		743F37832756B62A00F40D6B /* Macaw in Frameworks */ = {isa = PBXBuildFile; productRef = 743F37822756B62A00F40D6B /* Macaw */; };
		743F37862756B77000F40D6B /* SVGImage.swift in Sources */ = {isa = PBXBuildFile; fileRef = 743F37852756B77000F40D6B /* SVGImage.swift */; };
		7448E84C275EABC6005BEB38 /* PaginatedResponse.swift in Sources */ = {isa = PBXBuildFile; fileRef = 7448E84B275EABC6005BEB38 /* PaginatedResponse.swift */; };
		74C869B9275E17BE004DD53E /* Staatliches-Regular.ttf in Resources */ = {isa = PBXBuildFile; fileRef = 74C869B8275E17BE004DD53E /* Staatliches-Regular.ttf */; };
		74C869BB275E1BD3004DD53E /* BoosterView.swift in Sources */ = {isa = PBXBuildFile; fileRef = 74C869BA275E1BD3004DD53E /* BoosterView.swift */; };
		D02A4CD2277B439A00C9048D /* WebView.swift in Sources */ = {isa = PBXBuildFile; fileRef = D02A4CD1277B439A00C9048D /* WebView.swift */; };
/* End PBXBuildFile section */

/* Begin PBXFileReference section */
		15E2F15926DD07C900FA19BD /* Flovatar.app */ = {isa = PBXFileReference; explicitFileType = wrapper.application; includeInIndex = 0; path = Flovatar.app; sourceTree = BUILT_PRODUCTS_DIR; };
		15E2F15C26DD07C900FA19BD /* FCLDemoApp.swift */ = {isa = PBXFileReference; lastKnownFileType = sourcecode.swift; path = FCLDemoApp.swift; sourceTree = "<group>"; };
		15E2F15E26DD07C900FA19BD /* ContentView.swift */ = {isa = PBXFileReference; lastKnownFileType = sourcecode.swift; path = ContentView.swift; sourceTree = "<group>"; };
		15E2F16026DD07CB00FA19BD /* Assets.xcassets */ = {isa = PBXFileReference; lastKnownFileType = folder.assetcatalog; path = Assets.xcassets; sourceTree = "<group>"; };
		15E2F16326DD07CB00FA19BD /* Preview Assets.xcassets */ = {isa = PBXFileReference; lastKnownFileType = folder.assetcatalog; path = "Preview Assets.xcassets"; sourceTree = "<group>"; };
		15E2F16526DD07CB00FA19BD /* Info.plist */ = {isa = PBXFileReference; lastKnownFileType = text.plist.xml; path = Info.plist; sourceTree = "<group>"; };
		15E2F17526DD133800FA19BD /* ViewModel.swift */ = {isa = PBXFileReference; lastKnownFileType = sourcecode.swift; path = ViewModel.swift; sourceTree = "<group>"; };
		439EC1FD272C321D00A30C26 /* DetailView.swift */ = {isa = PBXFileReference; lastKnownFileType = sourcecode.swift; path = DetailView.swift; sourceTree = "<group>"; };
		67DFFADB26FE8B7B00136000 /* NFTAPI.swift */ = {isa = PBXFileReference; lastKnownFileType = sourcecode.swift; path = NFTAPI.swift; sourceTree = "<group>"; };
		743F377F2756A53E00F40D6B /* Flovatar.swift */ = {isa = PBXFileReference; lastKnownFileType = sourcecode.swift; path = Flovatar.swift; sourceTree = "<group>"; };
		743F37852756B77000F40D6B /* SVGImage.swift */ = {isa = PBXFileReference; lastKnownFileType = sourcecode.swift; path = SVGImage.swift; sourceTree = "<group>"; };
		74472A9C276924AE00E42883 /* FCLAuthSwift */ = {isa = PBXFileReference; lastKnownFileType = wrapper; path = FCLAuthSwift; sourceTree = "<group>"; };
		7448E84B275EABC6005BEB38 /* PaginatedResponse.swift */ = {isa = PBXFileReference; lastKnownFileType = sourcecode.swift; path = PaginatedResponse.swift; sourceTree = "<group>"; };
		74C869B8275E17BE004DD53E /* Staatliches-Regular.ttf */ = {isa = PBXFileReference; lastKnownFileType = file; path = "Staatliches-Regular.ttf"; sourceTree = "<group>"; };
		74C869BA275E1BD3004DD53E /* BoosterView.swift */ = {isa = PBXFileReference; lastKnownFileType = sourcecode.swift; path = BoosterView.swift; sourceTree = "<group>"; };
		D02A4CD1277B439A00C9048D /* WebView.swift */ = {isa = PBXFileReference; lastKnownFileType = sourcecode.swift; path = WebView.swift; sourceTree = "<group>"; };
/* End PBXFileReference section */

/* Begin PBXFrameworksBuildPhase section */
		15E2F15626DD07C900FA19BD /* Frameworks */ = {
			isa = PBXFrameworksBuildPhase;
			buildActionMask = 2147483647;
			files = (
				743F37832756B62A00F40D6B /* Macaw in Frameworks */,
				4349C8D5272D52E8001F8295 /* Shimmer in Frameworks */,
				15A074A526FD7FFA00FC1444 /* FCLAuthSwift in Frameworks */,
			);
			runOnlyForDeploymentPostprocessing = 0;
		};
/* End PBXFrameworksBuildPhase section */

/* Begin PBXGroup section */
		15E2F15026DD07C900FA19BD = {
			isa = PBXGroup;
			children = (
				74472A9B276924AE00E42883 /* Packages */,
				15E2F15B26DD07C900FA19BD /* Flovatar */,
				15E2F15A26DD07C900FA19BD /* Products */,
				15E2F17226DD0B0600FA19BD /* Frameworks */,
			);
			sourceTree = "<group>";
		};
		15E2F15A26DD07C900FA19BD /* Products */ = {
			isa = PBXGroup;
			children = (
				15E2F15926DD07C900FA19BD /* Flovatar.app */,
			);
			name = Products;
			sourceTree = "<group>";
		};
		15E2F15B26DD07C900FA19BD /* Flovatar */ = {
			isa = PBXGroup;
			children = (
				743F37842756B76600F40D6B /* View */,
				743F377A2756A45400F40D6B /* Model */,
				67DFFADB26FE8B7B00136000 /* NFTAPI.swift */,
				15E2F17526DD133800FA19BD /* ViewModel.swift */,
				15E2F15C26DD07C900FA19BD /* FCLDemoApp.swift */,
				15E2F15E26DD07C900FA19BD /* ContentView.swift */,
				439EC1FD272C321D00A30C26 /* DetailView.swift */,
				15E2F16026DD07CB00FA19BD /* Assets.xcassets */,
				15E2F16526DD07CB00FA19BD /* Info.plist */,
				74C869B6275E17BE004DD53E /* Resources */,
				15E2F16226DD07CB00FA19BD /* Preview Content */,
			);
			path = Flovatar;
			sourceTree = "<group>";
		};
		15E2F16226DD07CB00FA19BD /* Preview Content */ = {
			isa = PBXGroup;
			children = (
				15E2F16326DD07CB00FA19BD /* Preview Assets.xcassets */,
			);
			path = "Preview Content";
			sourceTree = "<group>";
		};
		15E2F17226DD0B0600FA19BD /* Frameworks */ = {
			isa = PBXGroup;
			children = (
			);
			name = Frameworks;
			sourceTree = "<group>";
		};
		743F377A2756A45400F40D6B /* Model */ = {
			isa = PBXGroup;
			children = (
				743F377F2756A53E00F40D6B /* Flovatar.swift */,
				7448E84B275EABC6005BEB38 /* PaginatedResponse.swift */,
			);
			path = Model;
			sourceTree = "<group>";
		};
		743F37842756B76600F40D6B /* View */ = {
			isa = PBXGroup;
			children = (
				743F37852756B77000F40D6B /* SVGImage.swift */,
				D02A4CD1277B439A00C9048D /* WebView.swift */,
				74C869BA275E1BD3004DD53E /* BoosterView.swift */,
			);
			path = View;
			sourceTree = "<group>";
		};
		74472A9B276924AE00E42883 /* Packages */ = {
			isa = PBXGroup;
			children = (
				74472A9C276924AE00E42883 /* FCLAuthSwift */,
			);
			name = Packages;
			sourceTree = "<group>";
		};
		74C869B6275E17BE004DD53E /* Resources */ = {
			isa = PBXGroup;
			children = (
				74C869B7275E17BE004DD53E /* Font */,
			);
			path = Resources;
			sourceTree = "<group>";
		};
		74C869B7275E17BE004DD53E /* Font */ = {
			isa = PBXGroup;
			children = (
				74C869B8275E17BE004DD53E /* Staatliches-Regular.ttf */,
			);
			path = Font;
			sourceTree = "<group>";
		};
/* End PBXGroup section */

/* Begin PBXNativeTarget section */
		15E2F15826DD07C900FA19BD /* Flovatar */ = {
			isa = PBXNativeTarget;
			buildConfigurationList = 15E2F16826DD07CB00FA19BD /* Build configuration list for PBXNativeTarget "Flovatar" */;
			buildPhases = (
				15E2F15526DD07C900FA19BD /* Sources */,
				15E2F15626DD07C900FA19BD /* Frameworks */,
				15E2F15726DD07C900FA19BD /* Resources */,
			);
			buildRules = (
			);
			dependencies = (
			);
			name = Flovatar;
			packageProductDependencies = (
				15A074A426FD7FFA00FC1444 /* FCLAuthSwift */,
				4349C8D4272D52E8001F8295 /* Shimmer */,
				743F37822756B62A00F40D6B /* Macaw */,
			);
			productName = FCLDemo;
			productReference = 15E2F15926DD07C900FA19BD /* Flovatar.app */;
			productType = "com.apple.product-type.application";
		};
/* End PBXNativeTarget section */

/* Begin PBXProject section */
		15E2F15126DD07C900FA19BD /* Project object */ = {
			isa = PBXProject;
			attributes = {
				LastSwiftUpdateCheck = 1250;
				LastUpgradeCheck = 1250;
				TargetAttributes = {
					15E2F15826DD07C900FA19BD = {
						CreatedOnToolsVersion = 12.5.1;
					};
				};
			};
			buildConfigurationList = 15E2F15426DD07C900FA19BD /* Build configuration list for PBXProject "Flovatar" */;
			compatibilityVersion = "Xcode 9.3";
			developmentRegion = en;
			hasScannedForEncodings = 0;
			knownRegions = (
				en,
				Base,
			);
			mainGroup = 15E2F15026DD07C900FA19BD;
			packageReferences = (
				4349C8D3272D52E8001F8295 /* XCRemoteSwiftPackageReference "SwiftUI-Shimmer" */,
				743F37812756B62A00F40D6B /* XCRemoteSwiftPackageReference "Macaw" */,
			);
			productRefGroup = 15E2F15A26DD07C900FA19BD /* Products */;
			projectDirPath = "";
			projectRoot = "";
			targets = (
				15E2F15826DD07C900FA19BD /* Flovatar */,
			);
		};
/* End PBXProject section */

/* Begin PBXResourcesBuildPhase section */
		15E2F15726DD07C900FA19BD /* Resources */ = {
			isa = PBXResourcesBuildPhase;
			buildActionMask = 2147483647;
			files = (
				74C869B9275E17BE004DD53E /* Staatliches-Regular.ttf in Resources */,
				15E2F16426DD07CB00FA19BD /* Preview Assets.xcassets in Resources */,
				15E2F16126DD07CB00FA19BD /* Assets.xcassets in Resources */,
			);
			runOnlyForDeploymentPostprocessing = 0;
		};
/* End PBXResourcesBuildPhase section */

/* Begin PBXSourcesBuildPhase section */
		15E2F15526DD07C900FA19BD /* Sources */ = {
			isa = PBXSourcesBuildPhase;
			buildActionMask = 2147483647;
			files = (
				743F37802756A53E00F40D6B /* Flovatar.swift in Sources */,
				D02A4CD2277B439A00C9048D /* WebView.swift in Sources */,
				67DFFADA26FE8A7000136000 /* FCLDemoApp.swift in Sources */,
				7448E84C275EABC6005BEB38 /* PaginatedResponse.swift in Sources */,
				67DFFADD26FE8B7B00136000 /* NFTAPI.swift in Sources */,
				15E2F15F26DD07C900FA19BD /* ContentView.swift in Sources */,
				439EC1FE272C321D00A30C26 /* DetailView.swift in Sources */,
				74C869BB275E1BD3004DD53E /* BoosterView.swift in Sources */,
				743F37862756B77000F40D6B /* SVGImage.swift in Sources */,
				15E2F17626DD133800FA19BD /* ViewModel.swift in Sources */,
			);
			runOnlyForDeploymentPostprocessing = 0;
		};
/* End PBXSourcesBuildPhase section */

/* Begin XCBuildConfiguration section */
		15E2F16626DD07CB00FA19BD /* Debug */ = {
			isa = XCBuildConfiguration;
			buildSettings = {
				ALWAYS_SEARCH_USER_PATHS = NO;
				CLANG_ANALYZER_NONNULL = YES;
				CLANG_ANALYZER_NUMBER_OBJECT_CONVERSION = YES_AGGRESSIVE;
				CLANG_CXX_LANGUAGE_STANDARD = "gnu++14";
				CLANG_CXX_LIBRARY = "libc++";
				CLANG_ENABLE_MODULES = YES;
				CLANG_ENABLE_OBJC_ARC = YES;
				CLANG_ENABLE_OBJC_WEAK = YES;
				CLANG_WARN_BLOCK_CAPTURE_AUTORELEASING = YES;
				CLANG_WARN_BOOL_CONVERSION = YES;
				CLANG_WARN_COMMA = YES;
				CLANG_WARN_CONSTANT_CONVERSION = YES;
				CLANG_WARN_DEPRECATED_OBJC_IMPLEMENTATIONS = YES;
				CLANG_WARN_DIRECT_OBJC_ISA_USAGE = YES_ERROR;
				CLANG_WARN_DOCUMENTATION_COMMENTS = YES;
				CLANG_WARN_EMPTY_BODY = YES;
				CLANG_WARN_ENUM_CONVERSION = YES;
				CLANG_WARN_INFINITE_RECURSION = YES;
				CLANG_WARN_INT_CONVERSION = YES;
				CLANG_WARN_NON_LITERAL_NULL_CONVERSION = YES;
				CLANG_WARN_OBJC_IMPLICIT_RETAIN_SELF = YES;
				CLANG_WARN_OBJC_LITERAL_CONVERSION = YES;
				CLANG_WARN_OBJC_ROOT_CLASS = YES_ERROR;
				CLANG_WARN_QUOTED_INCLUDE_IN_FRAMEWORK_HEADER = YES;
				CLANG_WARN_RANGE_LOOP_ANALYSIS = YES;
				CLANG_WARN_STRICT_PROTOTYPES = YES;
				CLANG_WARN_SUSPICIOUS_MOVE = YES;
				CLANG_WARN_UNGUARDED_AVAILABILITY = YES_AGGRESSIVE;
				CLANG_WARN_UNREACHABLE_CODE = YES;
				CLANG_WARN__DUPLICATE_METHOD_MATCH = YES;
				COPY_PHASE_STRIP = NO;
				DEBUG_INFORMATION_FORMAT = dwarf;
				ENABLE_STRICT_OBJC_MSGSEND = YES;
				ENABLE_TESTABILITY = YES;
				GCC_C_LANGUAGE_STANDARD = gnu11;
				GCC_DYNAMIC_NO_PIC = NO;
				GCC_NO_COMMON_BLOCKS = YES;
				GCC_OPTIMIZATION_LEVEL = 0;
				GCC_PREPROCESSOR_DEFINITIONS = (
					"DEBUG=1",
					"$(inherited)",
				);
				GCC_WARN_64_TO_32_BIT_CONVERSION = YES;
				GCC_WARN_ABOUT_RETURN_TYPE = YES_ERROR;
				GCC_WARN_UNDECLARED_SELECTOR = YES;
				GCC_WARN_UNINITIALIZED_AUTOS = YES_AGGRESSIVE;
				GCC_WARN_UNUSED_FUNCTION = YES;
				GCC_WARN_UNUSED_VARIABLE = YES;
				IPHONEOS_DEPLOYMENT_TARGET = 14.5;
				MTL_ENABLE_DEBUG_INFO = INCLUDE_SOURCE;
				MTL_FAST_MATH = YES;
				ONLY_ACTIVE_ARCH = YES;
				SDKROOT = iphoneos;
				SWIFT_ACTIVE_COMPILATION_CONDITIONS = DEBUG;
				SWIFT_OPTIMIZATION_LEVEL = "-Onone";
			};
			name = Debug;
		};
		15E2F16726DD07CB00FA19BD /* Release */ = {
			isa = XCBuildConfiguration;
			buildSettings = {
				ALWAYS_SEARCH_USER_PATHS = NO;
				CLANG_ANALYZER_NONNULL = YES;
				CLANG_ANALYZER_NUMBER_OBJECT_CONVERSION = YES_AGGRESSIVE;
				CLANG_CXX_LANGUAGE_STANDARD = "gnu++14";
				CLANG_CXX_LIBRARY = "libc++";
				CLANG_ENABLE_MODULES = YES;
				CLANG_ENABLE_OBJC_ARC = YES;
				CLANG_ENABLE_OBJC_WEAK = YES;
				CLANG_WARN_BLOCK_CAPTURE_AUTORELEASING = YES;
				CLANG_WARN_BOOL_CONVERSION = YES;
				CLANG_WARN_COMMA = YES;
				CLANG_WARN_CONSTANT_CONVERSION = YES;
				CLANG_WARN_DEPRECATED_OBJC_IMPLEMENTATIONS = YES;
				CLANG_WARN_DIRECT_OBJC_ISA_USAGE = YES_ERROR;
				CLANG_WARN_DOCUMENTATION_COMMENTS = YES;
				CLANG_WARN_EMPTY_BODY = YES;
				CLANG_WARN_ENUM_CONVERSION = YES;
				CLANG_WARN_INFINITE_RECURSION = YES;
				CLANG_WARN_INT_CONVERSION = YES;
				CLANG_WARN_NON_LITERAL_NULL_CONVERSION = YES;
				CLANG_WARN_OBJC_IMPLICIT_RETAIN_SELF = YES;
				CLANG_WARN_OBJC_LITERAL_CONVERSION = YES;
				CLANG_WARN_OBJC_ROOT_CLASS = YES_ERROR;
				CLANG_WARN_QUOTED_INCLUDE_IN_FRAMEWORK_HEADER = YES;
				CLANG_WARN_RANGE_LOOP_ANALYSIS = YES;
				CLANG_WARN_STRICT_PROTOTYPES = YES;
				CLANG_WARN_SUSPICIOUS_MOVE = YES;
				CLANG_WARN_UNGUARDED_AVAILABILITY = YES_AGGRESSIVE;
				CLANG_WARN_UNREACHABLE_CODE = YES;
				CLANG_WARN__DUPLICATE_METHOD_MATCH = YES;
				COPY_PHASE_STRIP = NO;
				DEBUG_INFORMATION_FORMAT = "dwarf-with-dsym";
				ENABLE_NS_ASSERTIONS = NO;
				ENABLE_STRICT_OBJC_MSGSEND = YES;
				GCC_C_LANGUAGE_STANDARD = gnu11;
				GCC_NO_COMMON_BLOCKS = YES;
				GCC_WARN_64_TO_32_BIT_CONVERSION = YES;
				GCC_WARN_ABOUT_RETURN_TYPE = YES_ERROR;
				GCC_WARN_UNDECLARED_SELECTOR = YES;
				GCC_WARN_UNINITIALIZED_AUTOS = YES_AGGRESSIVE;
				GCC_WARN_UNUSED_FUNCTION = YES;
				GCC_WARN_UNUSED_VARIABLE = YES;
				IPHONEOS_DEPLOYMENT_TARGET = 14.5;
				MTL_ENABLE_DEBUG_INFO = NO;
				MTL_FAST_MATH = YES;
				SDKROOT = iphoneos;
				SWIFT_COMPILATION_MODE = wholemodule;
				SWIFT_OPTIMIZATION_LEVEL = "-O";
				VALIDATE_PRODUCT = YES;
			};
			name = Release;
		};
		15E2F16926DD07CB00FA19BD /* Debug */ = {
			isa = XCBuildConfiguration;
			buildSettings = {
				ASSETCATALOG_COMPILER_APPICON_NAME = AppIcon;
				ASSETCATALOG_COMPILER_GLOBAL_ACCENT_COLOR_NAME = AccentColor;
				CODE_SIGN_IDENTITY = "Apple Development";
				CODE_SIGN_STYLE = Automatic;
				DEVELOPMENT_ASSET_PATHS = "\"Flovatar/Preview Content\"";
				DEVELOPMENT_TEAM = 42Y5ADDZL2;
				ENABLE_PREVIEWS = YES;
				INFOPLIST_FILE = "$(SRCROOT)/Flovatar/Info.plist";
				IPHONEOS_DEPLOYMENT_TARGET = 15.0;
				LD_RUNPATH_SEARCH_PATHS = (
					"$(inherited)",
					"@executable_path/Frameworks",
				);
				MARKETING_VERSION = 1.2;
				PRODUCT_BUNDLE_IDENTIFIER = com.flow.flovatar;
				PRODUCT_NAME = "$(TARGET_NAME)";
				PROVISIONING_PROFILE_SPECIFIER = "";
				SWIFT_VERSION = 5.0;
				TARGETED_DEVICE_FAMILY = "1,2";
			};
			name = Debug;
		};
		15E2F16A26DD07CB00FA19BD /* Release */ = {
			isa = XCBuildConfiguration;
			buildSettings = {
				ASSETCATALOG_COMPILER_APPICON_NAME = AppIcon;
				ASSETCATALOG_COMPILER_GLOBAL_ACCENT_COLOR_NAME = AccentColor;
				CODE_SIGN_IDENTITY = "Apple Development";
				CODE_SIGN_STYLE = Automatic;
				DEVELOPMENT_ASSET_PATHS = "\"Flovatar/Preview Content\"";
				DEVELOPMENT_TEAM = 42Y5ADDZL2;
				ENABLE_PREVIEWS = YES;
				INFOPLIST_FILE = "$(SRCROOT)/Flovatar/Info.plist";
				IPHONEOS_DEPLOYMENT_TARGET = 15.0;
				LD_RUNPATH_SEARCH_PATHS = (
					"$(inherited)",
					"@executable_path/Frameworks",
				);
				MARKETING_VERSION = 1.2;
				PRODUCT_BUNDLE_IDENTIFIER = com.flow.flovatar;
				PRODUCT_NAME = "$(TARGET_NAME)";
				PROVISIONING_PROFILE_SPECIFIER = "";
				SWIFT_VERSION = 5.0;
				TARGETED_DEVICE_FAMILY = "1,2";
			};
			name = Release;
		};
/* End XCBuildConfiguration section */

/* Begin XCConfigurationList section */
		15E2F15426DD07C900FA19BD /* Build configuration list for PBXProject "Flovatar" */ = {
			isa = XCConfigurationList;
			buildConfigurations = (
				15E2F16626DD07CB00FA19BD /* Debug */,
				15E2F16726DD07CB00FA19BD /* Release */,
			);
			defaultConfigurationIsVisible = 0;
			defaultConfigurationName = Release;
		};
		15E2F16826DD07CB00FA19BD /* Build configuration list for PBXNativeTarget "Flovatar" */ = {
			isa = XCConfigurationList;
			buildConfigurations = (
				15E2F16926DD07CB00FA19BD /* Debug */,
				15E2F16A26DD07CB00FA19BD /* Release */,
			);
			defaultConfigurationIsVisible = 0;
			defaultConfigurationName = Release;
		};
/* End XCConfigurationList section */

/* Begin XCRemoteSwiftPackageReference section */
		4349C8D3272D52E8001F8295 /* XCRemoteSwiftPackageReference "SwiftUI-Shimmer" */ = {
			isa = XCRemoteSwiftPackageReference;
			repositoryURL = "https://github.com/markiv/SwiftUI-Shimmer";
			requirement = {
				branch = main;
				kind = branch;
			};
		};
		743F37812756B62A00F40D6B /* XCRemoteSwiftPackageReference "Macaw" */ = {
			isa = XCRemoteSwiftPackageReference;
			repositoryURL = "https://github.com/exyte/Macaw";
			requirement = {
				kind = upToNextMajorVersion;
				minimumVersion = 0.9.9;
			};
		};
/* End XCRemoteSwiftPackageReference section */

/* Begin XCSwiftPackageProductDependency section */
		15A074A426FD7FFA00FC1444 /* FCLAuthSwift */ = {
			isa = XCSwiftPackageProductDependency;
			productName = FCLAuthSwift;
		};
		4349C8D4272D52E8001F8295 /* Shimmer */ = {
			isa = XCSwiftPackageProductDependency;
			package = 4349C8D3272D52E8001F8295 /* XCRemoteSwiftPackageReference "SwiftUI-Shimmer" */;
			productName = Shimmer;
		};
		743F37822756B62A00F40D6B /* Macaw */ = {
			isa = XCSwiftPackageProductDependency;
			package = 743F37812756B62A00F40D6B /* XCRemoteSwiftPackageReference "Macaw" */;
			productName = Macaw;
		};
/* End XCSwiftPackageProductDependency section */
	};
	rootObject = 15E2F15126DD07C900FA19BD /* Project object */;
}
